
Microsoft Visual Studio Solution File, Format Version 12.00
# Visual Studio Version 16
VisualStudioVersion = 16.0.31729.503
MinimumVisualStudioVersion = 10.0.40219.1
Project("{FAE04EC0-301F-11D3-BF4B-00C04F79EFBC}") = "ProiectFinal", "ProiectFinal\ProiectFinal.csproj", "{72A40BB2-3DF8-4EAF-AD91-F5D35559B16C}"
EndProject
Global
	GlobalSection(SolutionConfigurationPlatforms) = preSolution
		Debug|Any CPU = Debug|Any CPU
		Release|Any CPU = Release|Any CPU
	EndGlobalSection
	GlobalSection(ProjectConfigurationPlatforms) = postSolution
		{72A40BB2-3DF8-4EAF-AD91-F5D35559B16C}.Debug|Any CPU.ActiveCfg = Debug|Any CPU
		{72A40BB2-3DF8-4EAF-AD91-F5D35559B16C}.Debug|Any CPU.Build.0 = Debug|Any CPU
		{72A40BB2-3DF8-4EAF-AD91-F5D35559B16C}.Release|Any CPU.ActiveCfg = Release|Any CPU
		{72A40BB2-3DF8-4EAF-AD91-F5D35559B16C}.Release|Any CPU.Build.0 = Release|Any CPU
	EndGlobalSection
	GlobalSection(SolutionProperties) = preSolution
		HideSolutionNode = FALSE
	EndGlobalSection
	GlobalSection(ExtensibilityGlobals) = postSolution
		SolutionGuid = {0EE8EA7D-CA85-4D30-9B10-4234B032451F}
	EndGlobalSection
EndGlobal
